PODS:
  - "app_settings (3.0.0+1)":
    - Flutter
  - AWSAuthCore (2.22.3):
    - AWSCore (= 2.22.3)
  - AWSCognitoIdentityProvider (2.22.3):
    - AWSCognitoIdentityProviderASF (= 2.22.3)
    - AWSCore (= 2.22.3)
  - AWSCognitoIdentityProviderASF (2.22.3)
  - AWSCore (2.22.3)
  - AWSMobileClient (2.22.3):
    - AWSAuthCore (= 2.22.3)
    - AWSCognitoIdentityProvider (= 2.22.3)
    - AWSCognitoIdentityProviderASF (= 2.22.3)
    - AWSCore (= 2.22.3)
  - contacts_service (0.2.2):
    - Flutter
  - Firebase/CoreOnly (7.3.0):
    - FirebaseCore (= 7.3.0)
  - Firebase/Messaging (7.3.0):
    - Firebase/CoreOnly
    - FirebaseMessaging (~> 7.3.0)
  - firebase_core (1.0.4):
    - Firebase/CoreOnly (= 7.3.0)
    - Flutter
  - firebase_messaging (9.1.2):
    - Firebase/Messaging (= 7.3.0)
    - firebase_core
    - Flutter
  - FirebaseCore (7.3.0):
    - FirebaseCoreDiagnostics (~> 7.0)
    - GoogleUtilities/Environment (~> 7.0)
    - GoogleUtilities/Logger (~> 7.0)
  - FirebaseCoreDiagnostics (7.11.0):
    - GoogleDataTransport (~> 8.4)
    - GoogleUtilities/Environment (~> 7.0)
    - GoogleUtilities/Logger (~> 7.0)
    - nanopb (~> 2.30908.0)
  - FirebaseInstallations (7.11.0):
    - FirebaseCore (~> 7.0)
    - GoogleUtilities/Environment (~> 7.0)
    - GoogleUtilities/UserDefaults (~> 7.0)
    - PromisesObjC (~> 1.2)
  - FirebaseInstanceID (7.11.0):
    - FirebaseCore (~> 7.0)
    - FirebaseInstallations (~> 7.0)
    - GoogleUtilities/Environment (~> 7.0)
    - GoogleUtilities/UserDefaults (~> 7.0)
  - FirebaseMessaging (7.3.0):
    - FirebaseCore (~> 7.0)
    - FirebaseInstanceID (~> 7.0)
    - GoogleUtilities/AppDelegateSwizzler (~> 7.0)
    - GoogleUtilities/Environment (~> 7.0)
    - GoogleUtilities/Reachability (~> 7.0)
    - GoogleUtilities/UserDefaults (~> 7.0)
  - Flutter (1.0.0)
  - flutter_audio_recorder (0.5.4):
    - Flutter
  - flutter_aws_amplify_cognito (0.0.2):
    - AWSMobileClient (~> 2.22.0)
    - Flutter
  - flutter_sound (8.1.1):
    - Flutter
    - mobile-ffmpeg-full (= 4.4.LTS)
    - tau_core (= 8.1.1)
  - FMDB (2.7.5):
    - FMDB/standard (= 2.7.5)
  - FMDB/standard (2.7.5)
  - GoogleDataTransport (8.4.0):
    - GoogleUtilities/Environment (~> 7.2)
    - nanopb (~> 2.30908.0)
    - PromisesObjC (~> 1.2)
  - GoogleUtilities/AppDelegateSwizzler (7.4.0):
    - GoogleUtilities/Environment
    - GoogleUtilities/Logger
    - GoogleUtilities/Network
  - GoogleUtilities/Environment (7.4.0):
    - PromisesObjC (~> 1.2)
  - GoogleUtilities/Logger (7.4.0):
    - GoogleUtilities/Environment
  - GoogleUtilities/Network (7.4.0):
    - GoogleUtilities/Logger
    - "GoogleUtilities/NSData+zlib"
    - GoogleUtilities/Reachability
  - "GoogleUtilities/NSData+zlib (7.4.0)"
  - GoogleUtilities/Reachability (7.4.0):
    - GoogleUtilities/Logger
  - GoogleUtilities/UserDefaults (7.4.0):
    - GoogleUtilities/Logger
  - image_picker (0.0.1):
    - Flutter
  - mobile-ffmpeg-full (4.4.LTS)
  - nanopb (2.30908.0):
    - nanopb/decode (= 2.30908.0)
    - nanopb/encode (= 2.30908.0)
  - nanopb/decode (2.30908.0)
  - nanopb/encode (2.30908.0)
  - package_info (0.0.1):
    - Flutter
  - path_provider (0.0.1):
    - Flutter
  - "permission_handler (5.1.0+2)":
    - Flutter
  - PromisesObjC (1.2.12)
  - share (0.0.1):
    - Flutter
  - shared_preferences (0.0.1):
    - Flutter
  - sqflite (0.0.2):
    - Flutter
    - FMDB (>= 2.7.5)
  - tau_core (8.1.1)
  - url_launcher (0.0.1):
    - Flutter
  - vibration (1.7.4-nullsafety.0):
    - Flutter

DEPENDENCIES:
  - app_settings (from `.symlinks/plugins/app_settings/ios`)
  - contacts_service (from `.symlinks/plugins/contacts_service/ios`)
  - firebase_core (from `.symlinks/plugins/firebase_core/ios`)
  - firebase_messaging (from `.symlinks/plugins/firebase_messaging/ios`)
  - Flutter (from `Flutter`)
  - flutter_audio_recorder (from `.symlinks/plugins/flutter_audio_recorder/ios`)
  - flutter_aws_amplify_cognito (from `.symlinks/plugins/flutter_aws_amplify_cognito/ios`)
  - flutter_sound (from `.symlinks/plugins/flutter_sound/ios`)
  - image_picker (from `.symlinks/plugins/image_picker/ios`)
  - package_info (from `.symlinks/plugins/package_info/ios`)
  - path_provider (from `.symlinks/plugins/path_provider/ios`)
  - permission_handler (from `.symlinks/plugins/permission_handler/ios`)
  - share (from `.symlinks/plugins/share/ios`)
  - shared_preferences (from `.symlinks/plugins/shared_preferences/ios`)
  - sqflite (from `.symlinks/plugins/sqflite/ios`)
  - url_launcher (from `.symlinks/plugins/url_launcher/ios`)
  - vibration (from `.symlinks/plugins/vibration/ios`)

SPEC REPOS:
  trunk:
    - AWSAuthCore
    - AWSCognitoIdentityProvider
    - AWSCognitoIdentityProviderASF
    - AWSCore
    - AWSMobileClient
    - Firebase
    - FirebaseCore
    - FirebaseCoreDiagnostics
    - FirebaseInstallations
    - FirebaseInstanceID
    - FirebaseMessaging
    - FMDB
    - GoogleDataTransport
    - GoogleUtilities
    - mobile-ffmpeg-full
    - nanopb
    - PromisesObjC
    - tau_core

EXTERNAL SOURCES:
  app_settings:
    :path: ".symlinks/plugins/app_settings/ios"
  contacts_service:
    :path: ".symlinks/plugins/contacts_service/ios"
  firebase_core:
    :path: ".symlinks/plugins/firebase_core/ios"
  firebase_messaging:
    :path: ".symlinks/plugins/firebase_messaging/ios"
  Flutter:
    :path: Flutter
  flutter_audio_recorder:
    :path: ".symlinks/plugins/flutter_audio_recorder/ios"
  flutter_aws_amplify_cognito:
    :path: ".symlinks/plugins/flutter_aws_amplify_cognito/ios"
  flutter_sound:
    :path: ".symlinks/plugins/flutter_sound/ios"
  image_picker:
    :path: ".symlinks/plugins/image_picker/ios"
  package_info:
    :path: ".symlinks/plugins/package_info/ios"
  path_provider:
    :path: ".symlinks/plugins/path_provider/ios"
  permission_handler:
    :path: ".symlinks/plugins/permission_handler/ios"
  share:
    :path: ".symlinks/plugins/share/ios"
  shared_preferences:
    :path: ".symlinks/plugins/shared_preferences/ios"
  sqflite:
    :path: ".symlinks/plugins/sqflite/ios"
  url_launcher:
    :path: ".symlinks/plugins/url_launcher/ios"
  vibration:
    :path: ".symlinks/plugins/vibration/ios"

SPEC CHECKSUMS:
  app_settings: d103828c9f5d515c4df9ee754dabd443f7cedcf3
  AWSAuthCore: 5a2e6c939281a56c30f68896bc68ee44044400bc
  AWSCognitoIdentityProvider: 5aefe4cbfdecc2f9335fb0e2236d334b2d438d59
  AWSCognitoIdentityProviderASF: 455fb74bf1b0b5aeab9800495f2060f391f2e38e
  AWSCore: c86b71ff60747c4058769af64ed871ebfae16ddb
  AWSMobileClient: 6f63dd57d3df2ebcac1be074144f029e0db90536
  contacts_service: 849e1f84281804c8bfbec1b4c3eedcb23c5d3eca
  Firebase: 26223c695fe322633274198cb19dca8cb7e54416
  firebase_core: 4be162b452c4af1f8257dc7a55003ceacec028ac
  firebase_messaging: 4747d2f670b47152f973067db8504d2c8668902a
  FirebaseCore: 4d3c72622ce0e2106aaa07bb4b2935ba2c370972
  FirebaseCoreDiagnostics: 68ad972f99206cef818230f3f3179d52ccfb7f8c
  FirebaseInstallations: a58d4f72ec5861840b84df489f2668d970df558a
  FirebaseInstanceID: ad5135045a498d7775903efd39762d2cdfa1be27
  FirebaseMessaging: 68d1bcb14880189558a8ae57167abe0b7e417232
  Flutter: 434fef37c0980e73bb6479ef766c45957d4b510c
  flutter_audio_recorder: eb998d4e75e59b39d9e3ca1818a5e0f3a82f5836
  flutter_aws_amplify_cognito: d43728b9a736b5962f2115c7297b8d712a130846
  flutter_sound: 1f8dd164cf3ce3f09b148aa2f39c2199e33b879c
  FMDB: 2ce00b547f966261cd18927a3ddb07cb6f3db82a
  GoogleDataTransport: cd9db2180fcecd8da1b561aea31e3e56cf834aa7
  GoogleUtilities: 284cddc7fffc14ae1907efb6f78ab95c1fccaedc
  image_picker: 50e7c7ff960e5f58faa4d1f4af84a771c671bc4a
  mobile-ffmpeg-full: f17c82219b4ff9e4018b5e21f88b78c28a3475db
  nanopb: a0ba3315591a9ae0a16a309ee504766e90db0c96
  package_info: 873975fc26034f0b863a300ad47e7f1ac6c7ec62
  path_provider: abfe2b5c733d04e238b0d8691db0cfd63a27a93c
  permission_handler: ccb20a9fad0ee9b1314a52b70b76b473c5f8dab0
  PromisesObjC: 3113f7f76903778cf4a0586bd1ab89329a0b7b97
  share: 0b2c3e82132f5888bccca3351c504d0003b3b410
  shared_preferences: af6bfa751691cdc24be3045c43ec037377ada40d
  sqflite: 6d358c025f5b867b29ed92fc697fd34924e11904
  tau_core: e979fffbc94fae483c585b7ee10c157863f00a2e
  url_launcher: 6fef411d543ceb26efce54b05a0a40bfd74cbbef
  vibration: 1ec279c4a1a7a646627b54039d812334b3f1114a

PODFILE CHECKSUM: 3b7f149bbfc6aaaac83ccb82aafca46c276e3c5d

COCOAPODS: 1.10.1
